
Microsoft Visual Studio Solution File, Format Version 12.00
# Visual Studio Version 16
VisualStudioVersion = 16.0.30907.101
MinimumVisualStudioVersion = 10.0.40219.1
Project("{FAE04EC0-301F-11D3-BF4B-00C04F79EFBC}") = "UCustomMadeMovies.Android", "UCustomMadeMovies\UCustomMadeMovies.Android\UCustomMadeMovies.Android.csproj", "{8E692270-3661-46DA-97EA-2E08B9E43868}"
EndProject
Project("{FAE04EC0-301F-11D3-BF4B-00C04F79EFBC}") = "UCustomMadeMovies.iOS", "UCustomMadeMovies\UCustomMadeMovies.iOS\UCustomMadeMovies.iOS.csproj", "{FCD4B5C3-D233-43E2-BFB6-6055D6C5B1DC}"
EndProject
Project("{FAE04EC0-301F-11D3-BF4B-00C04F79EFBC}") = "UCustomMadeMovies", "UCustomMadeMovies\UCustomMadeMovies\UCustomMadeMovies.csproj", "{FC10BCDB-B003-45BC-8250-0CB70552523A}"
EndProject
Global
	GlobalSection(SolutionConfigurationPlatforms) = preSolution
		Debug|Any CPU = Debug|Any CPU
		Debug|iPhone = Debug|iPhone
		Debug|iPhoneSimulator = Debug|iPhoneSimulator
		Release|Any CPU = Release|Any CPU
		Release|iPhone = Release|iPhone
		Release|iPhoneSimulator = Release|iPhoneSimulator
	EndGlobalSection
	GlobalSection(ProjectConfigurationPlatforms) = postSolution
		{8E692270-3661-46DA-97EA-2E08B9E43868}.Debug|Any CPU.ActiveCfg = Debug|Any CPU
		{8E692270-3661-46DA-97EA-2E08B9E43868}.Debug|Any CPU.Build.0 = Debug|Any CPU
		{8E692270-3661-46DA-97EA-2E08B9E43868}.Debug|Any CPU.Deploy.0 = Debug|Any CPU
		{8E692270-3661-46DA-97EA-2E08B9E43868}.Debug|iPhone.ActiveCfg = Debug|Any CPU
		{8E692270-3661-46DA-97EA-2E08B9E43868}.Debug|iPhone.Build.0 = Debug|Any CPU
		{8E692270-3661-46DA-97EA-2E08B9E43868}.Debug|iPhone.Deploy.0 = Debug|Any CPU
		{8E692270-3661-46DA-97EA-2E08B9E43868}.Debug|iPhoneSimulator.ActiveCfg = Debug|Any CPU
		{8E692270-3661-46DA-97EA-2E08B9E43868}.Debug|iPhoneSimulator.Build.0 = Debug|Any CPU
		{8E692270-3661-46DA-97EA-2E08B9E43868}.Debug|iPhoneSimulator.Deploy.0 = Debug|Any CPU
		{8E692270-3661-46DA-97EA-2E08B9E43868}.Release|Any CPU.ActiveCfg = Release|Any CPU
		{8E692270-3661-46DA-97EA-2E08B9E43868}.Release|Any CPU.Build.0 = Release|Any CPU
		{8E692270-3661-46DA-97EA-2E08B9E43868}.Release|Any CPU.Deploy.0 = Release|Any CPU
		{8E692270-3661-46DA-97EA-2E08B9E43868}.Release|iPhone.ActiveCfg = Release|Any CPU
		{8E692270-3661-46DA-97EA-2E08B9E43868}.Release|iPhone.Build.0 = Release|Any CPU
		{8E692270-3661-46DA-97EA-2E08B9E43868}.Release|iPhone.Deploy.0 = Release|Any CPU
		{8E692270-3661-46DA-97EA-2E08B9E43868}.Release|iPhoneSimulator.ActiveCfg = Release|Any CPU
		{8E692270-3661-46DA-97EA-2E08B9E43868}.Release|iPhoneSimulator.Build.0 = Release|Any CPU
		{8E692270-3661-46DA-97EA-2E08B9E43868}.Release|iPhoneSimulator.Deploy.0 = Release|Any CPU
		{FCD4B5C3-D233-43E2-BFB6-6055D6C5B1DC}.Debug|Any CPU.ActiveCfg = Debug|iPhone
		{FCD4B5C3-D233-43E2-BFB6-6055D6C5B1DC}.Debug|Any CPU.Build.0 = Debug|iPhone
		{FCD4B5C3-D233-43E2-BFB6-6055D6C5B1DC}.Debug|Any CPU.Deploy.0 = Debug|iPhone
		{FCD4B5C3-D233-43E2-BFB6-6055D6C5B1DC}.Debug|iPhone.ActiveCfg = Debug|iPhone
		{FCD4B5C3-D233-43E2-BFB6-6055D6C5B1DC}.Debug|iPhone.Build.0 = Debug|iPhone
		{FCD4B5C3-D233-43E2-BFB6-6055D6C5B1DC}.Debug|iPhone.Deploy.0 = Debug|iPhone
		{FCD4B5C3-D233-43E2-BFB6-6055D6C5B1DC}.Debug|iPhoneSimulator.ActiveCfg = Debug|iPhoneSimulator
		{FCD4B5C3-D233-43E2-BFB6-6055D6C5B1DC}.Debug|iPhoneSimulator.Build.0 = Debug|iPhoneSimulator
		{FCD4B5C3-D233-43E2-BFB6-6055D6C5B1DC}.Debug|iPhoneSimulator.Deploy.0 = Debug|iPhoneSimulator
		{FCD4B5C3-D233-43E2-BFB6-6055D6C5B1DC}.Release|Any CPU.ActiveCfg = Release|iPhoneSimulator
		{FCD4B5C3-D233-43E2-BFB6-6055D6C5B1DC}.Release|Any CPU.Build.0 = Release|iPhoneSimulator
		{FCD4B5C3-D233-43E2-BFB6-6055D6C5B1DC}.Release|Any CPU.Deploy.0 = Release|iPhoneSimulator
		{FCD4B5C3-D233-43E2-BFB6-6055D6C5B1DC}.Release|iPhone.ActiveCfg = Release|iPhone
		{FCD4B5C3-D233-43E2-BFB6-6055D6C5B1DC}.Release|iPhone.Build.0 = Release|iPhone
		{FCD4B5C3-D233-43E2-BFB6-6055D6C5B1DC}.Release|iPhone.Deploy.0 = Release|iPhone
		{FCD4B5C3-D233-43E2-BFB6-6055D6C5B1DC}.Release|iPhoneSimulator.ActiveCfg = Release|iPhoneSimulator
		{FCD4B5C3-D233-43E2-BFB6-6055D6C5B1DC}.Release|iPhoneSimulator.Build.0 = Release|iPhoneSimulator
		{FCD4B5C3-D233-43E2-BFB6-6055D6C5B1DC}.Release|iPhoneSimulator.Deploy.0 = Release|iPhoneSimulator
		{FC10BCDB-B003-45BC-8250-0CB70552523A}.Debug|Any CPU.ActiveCfg = Debug|Any CPU
		{FC10BCDB-B003-45BC-8250-0CB70552523A}.Debug|Any CPU.Build.0 = Debug|Any CPU
		{FC10BCDB-B003-45BC-8250-0CB70552523A}.Debug|Any CPU.Deploy.0 = Debug|Any CPU
		{FC10BCDB-B003-45BC-8250-0CB70552523A}.Debug|iPhone.ActiveCfg = Debug|Any CPU
		{FC10BCDB-B003-45BC-8250-0CB70552523A}.Debug|iPhone.Build.0 = Debug|Any CPU
		{FC10BCDB-B003-45BC-8250-0CB70552523A}.Debug|iPhone.Deploy.0 = Debug|Any CPU
		{FC10BCDB-B003-45BC-8250-0CB70552523A}.Debug|iPhoneSimulator.ActiveCfg = Debug|Any CPU
		{FC10BCDB-B003-45BC-8250-0CB70552523A}.Debug|iPhoneSimulator.Build.0 = Debug|Any CPU
		{FC10BCDB-B003-45BC-8250-0CB70552523A}.Debug|iPhoneSimulator.Deploy.0 = Debug|Any CPU
		{FC10BCDB-B003-45BC-8250-0CB70552523A}.Release|Any CPU.ActiveCfg = Release|Any CPU
		{FC10BCDB-B003-45BC-8250-0CB70552523A}.Release|Any CPU.Build.0 = Release|Any CPU
		{FC10BCDB-B003-45BC-8250-0CB70552523A}.Release|Any CPU.Deploy.0 = Release|Any CPU
		{FC10BCDB-B003-45BC-8250-0CB70552523A}.Release|iPhone.ActiveCfg = Release|Any CPU
		{FC10BCDB-B003-45BC-8250-0CB70552523A}.Release|iPhone.Build.0 = Release|Any CPU
		{FC10BCDB-B003-45BC-8250-0CB70552523A}.Release|iPhone.Deploy.0 = Release|Any CPU
		{FC10BCDB-B003-45BC-8250-0CB70552523A}.Release|iPhoneSimulator.ActiveCfg = Release|Any CPU
		{FC10BCDB-B003-45BC-8250-0CB70552523A}.Release|iPhoneSimulator.Build.0 = Release|Any CPU
		{FC10BCDB-B003-45BC-8250-0CB70552523A}.Release|iPhoneSimulator.Deploy.0 = Release|Any CPU
	EndGlobalSection
	GlobalSection(SolutionProperties) = preSolution
		HideSolutionNode = FALSE
	EndGlobalSection
	GlobalSection(ExtensibilityGlobals) = postSolution
		SolutionGuid = {356CDD3E-49B9-40CE-9E14-7EA25AE9F70A}
	EndGlobalSection
EndGlobal
